<?xml version="1.0" encoding="utf-8"?>
<Project ToolsVersion="4.0" xmlns="http://schemas.microsoft.com/developer/msbuild/2003">
  <ItemGroup>
    <ClInclude Include="base.h" />
    <ClInclude Include="XEnum.h" />
    <ClInclude Include="XIndex.h" />
    <ClInclude Include="XMultimap.h" />
    <ClInclude Include="targetver.h" />
    <ClInclude Include="XBase.h" />
    <ClInclude Include="XList.h" />
    <ClInclude Include="XMath.h" />
    <ClInclude Include="XProp.h" />
    <ClInclude Include="XSingleton.h" />
    <ClInclude Include="XTime.h" />
    <ClInclude Include="Rapidxml\rapidxml.hpp">
      <Filter>rapidxml</Filter>
    </ClInclude>
    <ClInclude Include="Rapidxml\rapidxml_help.hpp">
      <Filter>rapidxml</Filter>
    </ClInclude>
    <ClInclude Include="Rapidxml\rapidxml_iterators.hpp">
      <Filter>rapidxml</Filter>
    </ClInclude>
    <ClInclude Include="Rapidxml\rapidxml_print.hpp">
      <Filter>rapidxml</Filter>
    </ClInclude>
    <ClInclude Include="Rapidxml\rapidxml_utils.hpp">
      <Filter>rapidxml</Filter>
    </ClInclude>
    <ClInclude Include="Tree.h" />
    <ClInclude Include="Array.h" />
    <ClInclude Include="CommandLine.h" />
    <ClInclude Include="Delegate.h" />
    <ClInclude Include="Map.h" />
    <ClInclude Include="EncodingHelper.h" />
    <ClInclude Include="BitArray.h" />
    <ClInclude Include="BiTree.h" />
    <ClInclude Include="Color.h" />
    <ClInclude Include="Easer.h" />
    <ClInclude Include="FileLoader.h" />
    <ClInclude Include="RapidxmlLoader.h" />
    <ClInclude Include="RapidxmlWriter.h" />
    <ClInclude Include="Rect.h" />
    <ClInclude Include="Point2.h" />
    <ClInclude Include="Random.h" />
    <ClInclude Include="Stack.h" />
    <ClInclude Include="StringHelper.h" />
    <ClInclude Include="Pointer.h" />
    <ClInclude Include="WeakPointer.h" />
    <ClInclude Include="Vector3.h" />
    <ClInclude Include="ObjectPool.h" />
    <ClInclude Include="Platform.h" />
    <ClInclude Include="Reference.h" />
    <ClInclude Include="FilePathFinder.h" />
    <ClInclude Include="IDObjects.h" />
    <ClInclude Include="FileName.hpp" />
    <ClInclude Include="HashMap.h" />
    <ClInclude Include="Lexer.h" />
    <ClInclude Include="uString.h" />
    <ClInclude Include="CharBuffer.h" />
    <ClInclude Include="Value.h" />
  </ItemGroup>
  <ItemGroup>
    <None Include="luawrapper-master\README.md" />
    <None Include="ReadMe.txt" />
  </ItemGroup>
  <ItemGroup>
    <Filter Include="rapidxml">
      <UniqueIdentifier>{00e20d9d-591e-40b4-94b0-251e72724c25}</UniqueIdentifier>
    </Filter>
  </ItemGroup>
  <ItemGroup>
    <ClCompile Include="base.cpp" />
    <ClCompile Include="CommandLine.cpp" />
    <ClCompile Include="Platform.cpp" />
    <ClCompile Include="FilePathFinder.cpp" />
  </ItemGroup>
</Project>